
Microsoft Visual Studio Solution File, Format Version 12.00
# Visual Studio Version 17
VisualStudioVersion = 17.14.36518.9 d17.14
MinimumVisualStudioVersion = 10.0.40219.1
Project("{FAE04EC0-301F-11D3-BF4B-00C04F79EFBC}") = "Vask En Tid Library", "Vask En Tid Library\Vask En Tid Library.csproj", "{9EB4F3FB-CFCE-4AD1-A1C4-83D8FFFF44E0}"
EndProject
Global
	GlobalSection(SolutionConfigurationPlatforms) = preSolution
		Debug|Any CPU = Debug|Any CPU
		Release|Any CPU = Release|Any CPU
	EndGlobalSection
	GlobalSection(ProjectConfigurationPlatforms) = postSolution
		{9EB4F3FB-CFCE-4AD1-A1C4-83D8FFFF44E0}.Debug|Any CPU.ActiveCfg = Debug|Any CPU
		{9EB4F3FB-CFCE-4AD1-A1C4-83D8FFFF44E0}.Debug|Any CPU.Build.0 = Debug|Any CPU
		{9EB4F3FB-CFCE-4AD1-A1C4-83D8FFFF44E0}.Release|Any CPU.ActiveCfg = Release|Any CPU
		{9EB4F3FB-CFCE-4AD1-A1C4-83D8FFFF44E0}.Release|Any CPU.Build.0 = Release|Any CPU
	EndGlobalSection
	GlobalSection(SolutionProperties) = preSolution
		HideSolutionNode = FALSE
	EndGlobalSection
	GlobalSection(ExtensibilityGlobals) = postSolution
		SolutionGuid = {1056D361-7CD8-4950-9795-C6761F8BCE7F}
	EndGlobalSection
EndGlobal
